lockfileVersion: '6.0'

settings:
  autoInstallPeers: true
  excludeLinksFromLockfile: false

dependencies:
  typescript:
    specifier: 5.4.0-dev.20231114
    version: 5.4.0-dev.20231114

devDependencies:
  '@actions/exec':
    specifier: ^1.1.1
    version: 1.1.1
  '@octokit/graphql':
    specifier: 7.0.2
    version: 7.0.2
  '@octokit/openapi-types':
    specifier: 19.0.2
    version: 19.0.2

packages:

  /@actions/exec@1.1.1:
    resolution: {integrity: sha512-+sCcHHbVdk93a0XT19ECtO/gIXoxvdsgQLzb2fE2/5sIZmWQuluYyjPQtrtTHdU1YzTZ7bAPN4sITq2xi1679w==}
    dependencies:
      '@actions/io': 1.1.3
    dev: true

  /@actions/io@1.1.3:
    resolution: {integrity: sha512-wi9JjgKLYS7U/z8PPbco+PvTb/nRWjeoFlJ1Qer83k/3C5PHQi28hiVdeE2kHXmIL99mQFawx8qt/JPjZilJ8Q==}
    dev: true

  /@octokit/endpoint@9.0.2:
    resolution: {integrity: sha512-qhKW8YLIi+Kmc92FQUFGr++DYtkx/1fBv+Thua6baqnjnOsgBYJDCvWZR1YcINuHGOEQt416WOfE+A/oG60NBQ==}
    engines: {node: '>= 18'}
    dependencies:
      '@octokit/types': 12.3.0
      is-plain-object: 5.0.0
      universal-user-agent: 6.0.1
    dev: true

  /@octokit/graphql@7.0.2:
    resolution: {integrity: sha512-OJ2iGMtj5Tg3s6RaXH22cJcxXRi7Y3EBqbHTBRq+PQAqfaS8f/236fUrWhfSn8P4jovyzqucxme7/vWSSZBX2Q==}
    engines: {node: '>= 18'}
    dependencies:
      '@octokit/request': 8.1.5
      '@octokit/types': 12.3.0
      universal-user-agent: 6.0.1
    dev: true

  /@octokit/openapi-types@19.0.2:
    resolution: {integrity: sha512-8li32fUDUeml/ACRp/njCWTsk5t17cfTM1jp9n08pBrqs5cDFJubtjsSnuz56r5Tad6jdEPJld7LxNp9dNcyjQ==}
    dev: true

  /@octokit/request-error@5.0.1:
    resolution: {integrity: sha512-X7pnyTMV7MgtGmiXBwmO6M5kIPrntOXdyKZLigNfQWSEQzVxR4a4vo49vJjTWX70mPndj8KhfT4Dx+2Ng3vnBQ==}
    engines: {node: '>= 18'}
    dependencies:
      '@octokit/types': 12.3.0
      deprecation: 2.3.1
      once: 1.4.0
    dev: true

  /@octokit/request@8.1.5:
    resolution: {integrity: sha512-zVKbNbX1xUluD9ZR4/tPs1yuYrK9xeh5fGZUXA6u04XGsTvomg0YO8/ZUC0FqAd49hAOEMFPAVUTh+2lBhOhLA==}
    engines: {node: '>= 18'}
    dependencies:
      '@octokit/endpoint': 9.0.2
      '@octokit/request-error': 5.0.1
      '@octokit/types': 12.3.0
      is-plain-object: 5.0.0
      universal-user-agent: 6.0.1
    dev: true

  /@octokit/types@12.3.0:
    resolution: {integrity: sha512-nJ8X2HRr234q3w/FcovDlA+ttUU4m1eJAourvfUUtwAWeqL8AsyRqfnLvVnYn3NFbUnsmzQCzLNdFerPwdmcDQ==}
    dependencies:
      '@octokit/openapi-types': 19.0.2
    dev: true

  /deprecation@2.3.1:
    resolution: {integrity: sha512-xmHIy4F3scKVwMsQ4WnVaS8bHOx0DmVwRywosKhaILI0ywMDWPtBSku2HNxRvF7jtwDRsoEwYQSfbxj8b7RlJQ==}
    dev: true

  /is-plain-object@5.0.0:
    resolution: {integrity: sha512-VRSzKkbMm5jMDoKLbltAkFQ5Qr7VDiTFGXxYFXXowVj387GeGNOCsOH6Msy00SGZ3Fp84b1Naa1psqgcCIEP5Q==}
    engines: {node: '>=0.10.0'}
    dev: true

  /once@1.4.0:
    resolution: {integrity: sha512-lNaJgI+2Q5URQBkccEKHTQOPaXdUxnZZElQTZY0MFUAuaEqe1E+Nyvgdz/aIyNi6Z9MzO5dv1H8n58/GELp3+w==}
    dependencies:
      wrappy: 1.0.2
    dev: true

  /typescript@5.4.0-dev.20231114:
    resolution: {integrity: sha512-z7rH8Vy4KWJyzNUaFt1HMzwYNRUmy2HMN98eufjvqbhmS3WPoQF89/UgonRmYf1vAP/69z0PytuV9hBMHNkaDg==}
    engines: {node: '>=14.17'}
    hasBin: true
    dev: false

  /universal-user-agent@6.0.1:
    resolution: {integrity: sha512-yCzhz6FN2wU1NiiQRogkTQszlQSlpWaw8SvVegAc+bDxbzHgh1vX8uIe8OYyMH6DwH+sdTJsgMl36+mSMdRJIQ==}
    dev: true

  /wrappy@1.0.2:
    resolution: {integrity: sha512-l4Sp/DRseor9wL6EvV2+TuQn63dMkPjZ/sp9XkghTEbV9KlPS1xUsZ3u7/IQO4wxtcFB4bgpQPRcR3QCvezPcQ==}
    dev: true
