lockfileVersion: '6.0'

settings:
  autoInstallPeers: true
  excludeLinksFromLockfile: false

dependencies:
  js-yaml:
    specifier: ^4.1.0
    version: 4.1.0
  yaml-env-defaults:
    specifier: ^2.0.5
    version: 2.0.5

devDependencies:
  '@types/js-yaml':
    specifier: ^4.0.8
    version: 4.0.8
  '@types/node':
    specifier: ^20.8.10
    version: 20.8.10

packages:

  /@types/js-yaml@4.0.8:
    resolution: {integrity: sha512-m6jnPk1VhlYRiLFm3f8X9Uep761f+CK8mHyS65LutH2OhmBF0BeMEjHgg05usH8PLZMWWc/BUR9RPmkvpWnyRA==}
    dev: true

  /@types/node@20.8.10:
    resolution: {integrity: sha512-TlgT8JntpcbmKUFzjhsyhGfP2fsiz1Mv56im6enJ905xG1DAYesxJaeSbGqQmAw8OWPdhyJGhGSQGKRNJ45u9w==}
    dependencies:
      undici-types: 5.26.5
    dev: true

  /argparse@2.0.1:
    resolution: {integrity: sha512-8+9WqebbFzpX9OR+Wa6O29asIogeRMzcGtAINdpMHHyAg10f05aSFVBbcEqGf/PXw1EjAZ+q2/bEBg3DvurK3Q==}
    dev: false

  /js-yaml@4.1.0:
    resolution: {integrity: sha512-wpxZs9NoxZaJESJGIZTyDEaYpl0FKSA+FB9aJiyemKhMwkxQg63h4T1KJgUGHpTqPDNRcmmYLugrRjJlBtWvRA==}
    hasBin: true
    dependencies:
      argparse: 2.0.1
    dev: false

  /lodash@4.17.21:
    resolution: {integrity: sha512-v2kDEe57lecTulaDIuNTPy3Ry4gLGJ6Z1O3vE1krgXZNrsQ+LFTGHVxVjcXPs17LhbZVGedAJv8XZ1tvj5FvSg==}
    dev: false

  /undici-types@5.26.5:
    resolution: {integrity: sha512-JlCMO+ehdEIKqlFxk6IfVoAUVmgz7cU7zD/h9XZ0qzeosSHmUJVOzSQvvYSYWXkFXC+IfLKSIffhv0sVZup6pA==}
    dev: true

  /yaml-env-defaults@2.0.5:
    resolution: {integrity: sha512-VORwkpRjNidt+YOfziMZpfAJ0C0nHNI0qLNH6jB4xXj3+h90/AusqFFw23CIcevHGwnBGdZgLnMLBhGIBz1ocA==}
    dependencies:
      js-yaml: 4.1.0
      lodash: 4.17.21
    dev: false
